
Microsoft Visual Studio Solution File, Format Version 12.00
# Visual Studio Version 16
VisualStudioVersion = 16.0.31019.35
MinimumVisualStudioVersion = 10.0.40219.1
Project("{FAE04EC0-301F-11D3-BF4B-00C04F79EFBC}") = "TomMotos", "TomMotos\TomMotos.csproj", "{5331B2E4-1B02-4603-AEE4-15E246515ACB}"
EndProject
Global
	GlobalSection(SolutionConfigurationPlatforms) = preSolution
		Debug|Any CPU = Debug|Any CPU
		Release|Any CPU = Release|Any CPU
	EndGlobalSection
	GlobalSection(ProjectConfigurationPlatforms) = postSolution
		{5331B2E4-1B02-4603-AEE4-15E246515ACB}.Debug|Any CPU.ActiveCfg = Debug|Any CPU
		{5331B2E4-1B02-4603-AEE4-15E246515ACB}.Debug|Any CPU.Build.0 = Debug|Any CPU
		{5331B2E4-1B02-4603-AEE4-15E246515ACB}.Release|Any CPU.ActiveCfg = Release|Any CPU
		{5331B2E4-1B02-4603-AEE4-15E246515ACB}.Release|Any CPU.Build.0 = Release|Any CPU
	EndGlobalSection
	GlobalSection(SolutionProperties) = preSolution
		HideSolutionNode = FALSE
	EndGlobalSection
	GlobalSection(ExtensibilityGlobals) = postSolution
		SolutionGuid = {AE983D9D-7BF7-448C-A8E2-1B876D238353}
	EndGlobalSection
EndGlobal
